
Microsoft Visual Studio Solution File, Format Version 12.00
# Visual Studio Version 17
VisualStudioVersion = 17.2.32516.85
MinimumVisualStudioVersion = 10.0.40219.1
Project("{FAE04EC0-301F-11D3-BF4B-00C04F79EFBC}") = "bankingLIB", "bankingLIB\bankingLIB.csproj", "{23F090A5-82B8-4D7E-815D-BA8BDBEAA7FD}"
EndProject
Global
	GlobalSection(SolutionConfigurationPlatforms) = preSolution
		Debug|Any CPU = Debug|Any CPU
		Release|Any CPU = Release|Any CPU
	EndGlobalSection
	GlobalSection(ProjectConfigurationPlatforms) = postSolution
		{23F090A5-82B8-4D7E-815D-BA8BDBEAA7FD}.Debug|Any CPU.ActiveCfg = Debug|Any CPU
		{23F090A5-82B8-4D7E-815D-BA8BDBEAA7FD}.Debug|Any CPU.Build.0 = Debug|Any CPU
		{23F090A5-82B8-4D7E-815D-BA8BDBEAA7FD}.Release|Any CPU.ActiveCfg = Release|Any CPU
		{23F090A5-82B8-4D7E-815D-BA8BDBEAA7FD}.Release|Any CPU.Build.0 = Release|Any CPU
	EndGlobalSection
	GlobalSection(SolutionProperties) = preSolution
		HideSolutionNode = FALSE
	EndGlobalSection
	GlobalSection(ExtensibilityGlobals) = postSolution
		SolutionGuid = {8A636849-B334-49A2-B490-32E67F9B1FD3}
	EndGlobalSection
EndGlobal
