
Microsoft Visual Studio Solution File, Format Version 12.00
# Visual Studio Version 17
VisualStudioVersion = 17.2.32516.85
MinimumVisualStudioVersion = 10.0.40219.1
Project("{FAE04EC0-301F-11D3-BF4B-00C04F79EFBC}") = "employeeManagementWebAPI", "employeeManagementWebAPI\employeeManagementWebAPI.csproj", "{AA3BF060-3CCC-41C4-8A3C-0B55B61734ED}"
EndProject
Global
	GlobalSection(SolutionConfigurationPlatforms) = preSolution
		Debug|Any CPU = Debug|Any CPU
		Release|Any CPU = Release|Any CPU
	EndGlobalSection
	GlobalSection(ProjectConfigurationPlatforms) = postSolution
		{AA3BF060-3CCC-41C4-8A3C-0B55B61734ED}.Debug|Any CPU.ActiveCfg = Debug|Any CPU
		{AA3BF060-3CCC-41C4-8A3C-0B55B61734ED}.Debug|Any CPU.Build.0 = Debug|Any CPU
		{AA3BF060-3CCC-41C4-8A3C-0B55B61734ED}.Release|Any CPU.ActiveCfg = Release|Any CPU
		{AA3BF060-3CCC-41C4-8A3C-0B55B61734ED}.Release|Any CPU.Build.0 = Release|Any CPU
	EndGlobalSection
	GlobalSection(SolutionProperties) = preSolution
		HideSolutionNode = FALSE
	EndGlobalSection
	GlobalSection(ExtensibilityGlobals) = postSolution
		SolutionGuid = {4D1EA9FC-6EF9-4623-9F23-0B9093756AFD}
	EndGlobalSection
EndGlobal
