
Microsoft Visual Studio Solution File, Format Version 12.00
# Visual Studio Version 17
VisualStudioVersion = 17.2.32516.85
MinimumVisualStudioVersion = 10.0.40219.1
Project("{FAE04EC0-301F-11D3-BF4B-00C04F79EFBC}") = "InterfaceDemo", "InterfaceDemo\InterfaceDemo.csproj", "{B6E18928-52E0-42FB-BD29-7100C31C8F16}"
EndProject
Global
	GlobalSection(SolutionConfigurationPlatforms) = preSolution
		Debug|Any CPU = Debug|Any CPU
		Release|Any CPU = Release|Any CPU
	EndGlobalSection
	GlobalSection(ProjectConfigurationPlatforms) = postSolution
		{B6E18928-52E0-42FB-BD29-7100C31C8F16}.Debug|Any CPU.ActiveCfg = Debug|Any CPU
		{B6E18928-52E0-42FB-BD29-7100C31C8F16}.Debug|Any CPU.Build.0 = Debug|Any CPU
		{B6E18928-52E0-42FB-BD29-7100C31C8F16}.Release|Any CPU.ActiveCfg = Release|Any CPU
		{B6E18928-52E0-42FB-BD29-7100C31C8F16}.Release|Any CPU.Build.0 = Release|Any CPU
	EndGlobalSection
	GlobalSection(SolutionProperties) = preSolution
		HideSolutionNode = FALSE
	EndGlobalSection
	GlobalSection(ExtensibilityGlobals) = postSolution
		SolutionGuid = {D2BE618A-B09E-4737-9827-38F044D02504}
	EndGlobalSection
EndGlobal
